
Microsoft Visual Studio Solution File, Format Version 12.00
# Visual Studio Version 17
VisualStudioVersion = 17.5.002.0
MinimumVisualStudioVersion = 10.0.40219.1
Project("{9A19103F-16F7-4668-BE54-9A1E7A4F7556}") = "CarSimulatorApi", "CarSimulatorApi.csproj", "{9755082D-217B-4CAE-9FFC-CA8F2A76622E}"
EndProject
Global
	GlobalSection(SolutionConfigurationPlatforms) = preSolution
		Debug|Any CPU = Debug|Any CPU
		Release|Any CPU = Release|Any CPU
	EndGlobalSection
	GlobalSection(ProjectConfigurationPlatforms) = postSolution
		{9755082D-217B-4CAE-9FFC-CA8F2A76622E}.Debug|Any CPU.ActiveCfg = Debug|Any CPU
		{9755082D-217B-4CAE-9FFC-CA8F2A76622E}.Debug|Any CPU.Build.0 = Debug|Any CPU
		{9755082D-217B-4CAE-9FFC-CA8F2A76622E}.Release|Any CPU.ActiveCfg = Release|Any CPU
		{9755082D-217B-4CAE-9FFC-CA8F2A76622E}.Release|Any CPU.Build.0 = Release|Any CPU
	EndGlobalSection
	GlobalSection(SolutionProperties) = preSolution
		HideSolutionNode = FALSE
	EndGlobalSection
	GlobalSection(ExtensibilityGlobals) = postSolution
		SolutionGuid = {96DC0893-6FE7-4E65-A1B0-10761EE140DD}
	EndGlobalSection
EndGlobal
